
Microsoft Visual Studio Solution File, Format Version 12.00
# Visual Studio 15
VisualStudioVersion = 15.0.28010.2046
MinimumVisualStudioVersion = 10.0.40219.1
Project("{FAE04EC0-301F-11D3-BF4B-00C04F79EFBC}") = "Virtual_Data_Warehouse", "Virtual_EDW\Virtual_Data_Warehouse.csproj", "{73971441-2782-43CF-862C-1F636528858A}"
EndProject
Project("{2150E333-8FDC-42A3-9474-1A3956D46DE8}") = "Support Files", "Support Files", "{8221AA80-A2A2-4CE4-BD5D-9270307C36C2}"
	ProjectSection(SolutionItems) = preProject
		Files\Examples\ETL Automation Metadata v1.2 _OMD.xlsm = Files\Examples\ETL Automation Metadata v1.2 _OMD.xlsm
		Files\ETL Automation Metadata v1.2.xlsm = Files\ETL Automation Metadata v1.2.xlsm
		Files\Examples\Metadata_Upload.sql = Files\Examples\Metadata_Upload.sql
		Files\Examples\Sample_EDW_1_Source_DML.sql = Files\Examples\Sample_EDW_1_Source_DML.sql
		Files\Examples\Sample_EDW_2_Staging_User_Managed_DML.sql = Files\Examples\Sample_EDW_2_Staging_User_Managed_DML.sql
		Files\Examples\Sample_EDW_2_Staging_User_Managed_OMD_DML.sql = Files\Examples\Sample_EDW_2_Staging_User_Managed_OMD_DML.sql
		Files\SP_MD_DV_METADATA.sql = Files\SP_MD_DV_METADATA.sql
		Files\Examples\SQL_Create_STG_and_HSTG.sql = Files\Examples\SQL_Create_STG_and_HSTG.sql
		Files\Examples\SQL_Reset_Data.sql = Files\Examples\SQL_Reset_Data.sql
		Files\Examples\Virtual_EDW_1_Source_v1.1.erwin = Files\Examples\Virtual_EDW_1_Source_v1.1.erwin
		Files\Examples\Virtual_EDW_2_Staging_v1.0.erwin = Files\Examples\Virtual_EDW_2_Staging_v1.0.erwin
		Files\Examples\Virtual_EDW_2_Staging_v1.0_OMD.erwin = Files\Examples\Virtual_EDW_2_Staging_v1.0_OMD.erwin
		Files\Examples\Virtual_EDW_3_PSA_v1.0.erwin = Files\Examples\Virtual_EDW_3_PSA_v1.0.erwin
		Files\Examples\Virtual_EDW_3_PSA_v1.0_OMD.erwin = Files\Examples\Virtual_EDW_3_PSA_v1.0_OMD.erwin
		Files\Examples\Virtual_EDW_4_Integration_v1.2.1.erwin = Files\Examples\Virtual_EDW_4_Integration_v1.2.1.erwin
		Files\Examples\Virtual_EDW_4_Integration_v1.2.1_OMD.erwin = Files\Examples\Virtual_EDW_4_Integration_v1.2.1_OMD.erwin
		Files\Examples\Virtual_EDW_5_Presentation_v1.0.erwin = Files\Examples\Virtual_EDW_5_Presentation_v1.0.erwin
		Files\Virtualisation_Metadata_v1.3.erwin = Files\Virtualisation_Metadata_v1.3.erwin
	EndProjectSection
EndProject
Project("{54435603-DBB4-11D2-8724-00A0C9A8B90C}") = "Virtual_Data_Warehouse_Installer", "Virtual_EDW_Installer\Virtual_EDW_Installer.vdproj", "{FFFAA8D4-DD12-4659-A020-1B76795C6491}"
EndProject
Global
	GlobalSection(SolutionConfigurationPlatforms) = preSolution
		CD_ROM|Any CPU = CD_ROM|Any CPU
		Debug|Any CPU = Debug|Any CPU
		DVD-5|Any CPU = DVD-5|Any CPU
		Release|Any CPU = Release|Any CPU
		SingleImage|Any CPU = SingleImage|Any CPU
	EndGlobalSection
	GlobalSection(ProjectConfigurationPlatforms) = postSolution
		{73971441-2782-43CF-862C-1F636528858A}.CD_ROM|Any CPU.ActiveCfg = Release|Any CPU
		{73971441-2782-43CF-862C-1F636528858A}.CD_ROM|Any CPU.Build.0 = Release|Any CPU
		{73971441-2782-43CF-862C-1F636528858A}.Debug|Any CPU.ActiveCfg = Debug|Any CPU
		{73971441-2782-43CF-862C-1F636528858A}.Debug|Any CPU.Build.0 = Debug|Any CPU
		{73971441-2782-43CF-862C-1F636528858A}.Debug|Any CPU.Deploy.0 = Debug|Any CPU
		{73971441-2782-43CF-862C-1F636528858A}.DVD-5|Any CPU.ActiveCfg = Debug|Any CPU
		{73971441-2782-43CF-862C-1F636528858A}.DVD-5|Any CPU.Build.0 = Debug|Any CPU
		{73971441-2782-43CF-862C-1F636528858A}.Release|Any CPU.ActiveCfg = Release|Any CPU
		{73971441-2782-43CF-862C-1F636528858A}.Release|Any CPU.Build.0 = Release|Any CPU
		{73971441-2782-43CF-862C-1F636528858A}.SingleImage|Any CPU.ActiveCfg = Release|Any CPU
		{73971441-2782-43CF-862C-1F636528858A}.SingleImage|Any CPU.Build.0 = Release|Any CPU
		{FFFAA8D4-DD12-4659-A020-1B76795C6491}.CD_ROM|Any CPU.ActiveCfg = Release
		{FFFAA8D4-DD12-4659-A020-1B76795C6491}.Debug|Any CPU.ActiveCfg = Debug
		{FFFAA8D4-DD12-4659-A020-1B76795C6491}.DVD-5|Any CPU.ActiveCfg = Debug
		{FFFAA8D4-DD12-4659-A020-1B76795C6491}.Release|Any CPU.ActiveCfg = Release
		{FFFAA8D4-DD12-4659-A020-1B76795C6491}.SingleImage|Any CPU.ActiveCfg = Release
	EndGlobalSection
	GlobalSection(SolutionProperties) = preSolution
		HideSolutionNode = FALSE
	EndGlobalSection
	GlobalSection(ExtensibilityGlobals) = postSolution
		SolutionGuid = {D9FE2AD3-87E8-4C5F-A1DF-5B7A6B0784D2}
	EndGlobalSection
EndGlobal
