
Microsoft Visual Studio Solution File, Format Version 12.00
# Visual Studio Version 16
VisualStudioVersion = 16.0.29709.97
MinimumVisualStudioVersion = 10.0.40219.1
Project("{FAE04EC0-301F-11D3-BF4B-00C04F79EFBC}") = "Virtual_Data_Warehouse", "Virtual_EDW\Virtual_Data_Warehouse.csproj", "{73971441-2782-43CF-862C-1F636528858A}"
EndProject
Project("{54435603-DBB4-11D2-8724-00A0C9A8B90C}") = "Virtual_Data_Warehouse_Installer", "Virtual_EDW_Installer\Virtual_EDW_Installer.vdproj", "{FFFAA8D4-DD12-4659-A020-1B76795C6491}"
EndProject
Project("{2150E333-8FDC-42A3-9474-1A3956D46DE8}") = "LoadPatterns", "LoadPatterns", "{E3AF448B-08FD-4B47-8D9A-7107CEBE0FD8}"
	ProjectSection(SolutionItems) = preProject
		LoadPatterns\loadPatternCollection.json = LoadPatterns\loadPatternCollection.json
		LoadPatterns\loadPatternDefinition.json = LoadPatterns\loadPatternDefinition.json
		LoadPatterns\loadPatternHubDeltaSelect.Handlebars = LoadPatterns\loadPatternHubDeltaSelect.Handlebars
		LoadPatterns\loadPatternHubInsertInto.Handlebars = LoadPatterns\loadPatternHubInsertInto.Handlebars
		LoadPatterns\loadPatternHubView.Handlebars = LoadPatterns\loadPatternHubView.Handlebars
		LoadPatterns\loadPatternHubView_DBT_Snowflake.Handlebars = LoadPatterns\loadPatternHubView_DBT_Snowflake.Handlebars
		LoadPatterns\loadPatternLinkInsertInto.Handlebars = LoadPatterns\loadPatternLinkInsertInto.Handlebars
		LoadPatterns\loadPatternLinkSatelliteDrivingKeyInsertInto.Handlebars = LoadPatterns\loadPatternLinkSatelliteDrivingKeyInsertInto.Handlebars
		LoadPatterns\loadPatternLinkSatelliteDrivingKeyView.Handlebars = LoadPatterns\loadPatternLinkSatelliteDrivingKeyView.Handlebars
		LoadPatterns\loadPatternLinkSatelliteInsertInto.Handlebars = LoadPatterns\loadPatternLinkSatelliteInsertInto.Handlebars
		LoadPatterns\loadPatternLinkSatelliteView.Handlebars = LoadPatterns\loadPatternLinkSatelliteView.Handlebars
		LoadPatterns\loadPatternLinkView.Handlebars = LoadPatterns\loadPatternLinkView.Handlebars
		LoadPatterns\loadPatternLinkViewNoHash.Handlebars = LoadPatterns\loadPatternLinkViewNoHash.Handlebars
		LoadPatterns\loadPatternPersistentStagingFullOuterJoin.Handlebars = LoadPatterns\loadPatternPersistentStagingFullOuterJoin.Handlebars
		LoadPatterns\loadPatternPersistentStagingGenerateTables.Handlebars = LoadPatterns\loadPatternPersistentStagingGenerateTables.Handlebars
		LoadPatterns\loadPatternPersistentStagingInsertInto.Handlebars = LoadPatterns\loadPatternPersistentStagingInsertInto.Handlebars
		LoadPatterns\loadPatternPersistentStagingView.Handlebars = LoadPatterns\loadPatternPersistentStagingView.Handlebars
		LoadPatterns\loadPatternPersistentStagingViewSimplified.Handlebars = LoadPatterns\loadPatternPersistentStagingViewSimplified.Handlebars
		LoadPatterns\loadPatternPersistentStagingViewWithDedup.Handlebars = LoadPatterns\loadPatternPersistentStagingViewWithDedup.Handlebars
		LoadPatterns\loadPatternSatelliteInsertInto.Handlebars = LoadPatterns\loadPatternSatelliteInsertInto.Handlebars
		LoadPatterns\loadPatternSatelliteView.Handlebars = LoadPatterns\loadPatternSatelliteView.Handlebars
		LoadPatterns\loadPatternSatelliteViewZeroRecord.Handlebars = LoadPatterns\loadPatternSatelliteViewZeroRecord.Handlebars
		LoadPatterns\loadPatternStagingGenerateTables.Handlebars = LoadPatterns\loadPatternStagingGenerateTables.Handlebars
		LoadPatterns\loadPatternStagingInsertInto.Handlebars = LoadPatterns\loadPatternStagingInsertInto.Handlebars
		LoadPatterns\loadPatternStagingView.Handlebars = LoadPatterns\loadPatternStagingView.Handlebars
	EndProjectSection
EndProject
Global
	GlobalSection(SolutionConfigurationPlatforms) = preSolution
		CD_ROM|Any CPU = CD_ROM|Any CPU
		Debug|Any CPU = Debug|Any CPU
		DVD-5|Any CPU = DVD-5|Any CPU
		Release|Any CPU = Release|Any CPU
		SingleImage|Any CPU = SingleImage|Any CPU
	EndGlobalSection
	GlobalSection(ProjectConfigurationPlatforms) = postSolution
		{73971441-2782-43CF-862C-1F636528858A}.CD_ROM|Any CPU.ActiveCfg = Release|Any CPU
		{73971441-2782-43CF-862C-1F636528858A}.CD_ROM|Any CPU.Build.0 = Release|Any CPU
		{73971441-2782-43CF-862C-1F636528858A}.Debug|Any CPU.ActiveCfg = Debug|Any CPU
		{73971441-2782-43CF-862C-1F636528858A}.Debug|Any CPU.Build.0 = Debug|Any CPU
		{73971441-2782-43CF-862C-1F636528858A}.Debug|Any CPU.Deploy.0 = Debug|Any CPU
		{73971441-2782-43CF-862C-1F636528858A}.DVD-5|Any CPU.ActiveCfg = Debug|Any CPU
		{73971441-2782-43CF-862C-1F636528858A}.DVD-5|Any CPU.Build.0 = Debug|Any CPU
		{73971441-2782-43CF-862C-1F636528858A}.Release|Any CPU.ActiveCfg = Release|Any CPU
		{73971441-2782-43CF-862C-1F636528858A}.Release|Any CPU.Build.0 = Release|Any CPU
		{73971441-2782-43CF-862C-1F636528858A}.SingleImage|Any CPU.ActiveCfg = Release|Any CPU
		{73971441-2782-43CF-862C-1F636528858A}.SingleImage|Any CPU.Build.0 = Release|Any CPU
		{FFFAA8D4-DD12-4659-A020-1B76795C6491}.CD_ROM|Any CPU.ActiveCfg = Release
		{FFFAA8D4-DD12-4659-A020-1B76795C6491}.Debug|Any CPU.ActiveCfg = Debug
		{FFFAA8D4-DD12-4659-A020-1B76795C6491}.DVD-5|Any CPU.ActiveCfg = Debug
		{FFFAA8D4-DD12-4659-A020-1B76795C6491}.Release|Any CPU.ActiveCfg = Release
		{FFFAA8D4-DD12-4659-A020-1B76795C6491}.SingleImage|Any CPU.ActiveCfg = Release
	EndGlobalSection
	GlobalSection(SolutionProperties) = preSolution
		HideSolutionNode = FALSE
	EndGlobalSection
	GlobalSection(ExtensibilityGlobals) = postSolution
		SolutionGuid = {D9FE2AD3-87E8-4C5F-A1DF-5B7A6B0784D2}
	EndGlobalSection
EndGlobal
